
Microsoft Visual Studio Solution File, Format Version 12.00
# Visual Studio Version 16
VisualStudioVersion = 16.0.30406.217
MinimumVisualStudioVersion = 10.0.40219.1
Project("{8BC9CEB8-8B4A-11D0-8D11-00A0C91BC942}") = "comlib", "comlib\comlib.vcxproj", "{F305EEF9-B373-4E83-B939-520C5847987C}"
EndProject
Global
	GlobalSection(SolutionConfigurationPlatforms) = preSolution
		Debug|x64 = Debug|x64
		Debug|x86 = Debug|x86
		Release|x64 = Release|x64
		Release|x86 = Release|x86
	EndGlobalSection
	GlobalSection(ProjectConfigurationPlatforms) = postSolution
		{F305EEF9-B373-4E83-B939-520C5847987C}.Debug|x64.ActiveCfg = Debug|x64
		{F305EEF9-B373-4E83-B939-520C5847987C}.Debug|x64.Build.0 = Debug|x64
		{F305EEF9-B373-4E83-B939-520C5847987C}.Debug|x86.ActiveCfg = Debug|Win32
		{F305EEF9-B373-4E83-B939-520C5847987C}.Debug|x86.Build.0 = Debug|Win32
		{F305EEF9-B373-4E83-B939-520C5847987C}.Release|x64.ActiveCfg = Release|x64
		{F305EEF9-B373-4E83-B939-520C5847987C}.Release|x64.Build.0 = Release|x64
		{F305EEF9-B373-4E83-B939-520C5847987C}.Release|x86.ActiveCfg = Release|Win32
		{F305EEF9-B373-4E83-B939-520C5847987C}.Release|x86.Build.0 = Release|Win32
	EndGlobalSection
	GlobalSection(SolutionProperties) = preSolution
		HideSolutionNode = FALSE
	EndGlobalSection
	GlobalSection(ExtensibilityGlobals) = postSolution
		SolutionGuid = {3E155A14-36CC-4207-8FF5-655AF4A11259}
	EndGlobalSection
EndGlobal
